
Microsoft Visual Studio Solution File, Format Version 12.00
# Visual Studio Version 17
VisualStudioVersion = 17.3.32825.248
MinimumVisualStudioVersion = 10.0.40219.1
Project("{FAE04EC0-301F-11D3-BF4B-00C04F79EFBC}") = "Provoke", "Provoke\Provoke.csproj", "{9D3AF88D-8C09-4966-A03B-7BD7CF9BCFFF}"
EndProject
Global
	GlobalSection(SolutionConfigurationPlatforms) = preSolution
		Debug|Any CPU = Debug|Any CPU
		Release|Any CPU = Release|Any CPU
	EndGlobalSection
	GlobalSection(ProjectConfigurationPlatforms) = postSolution
		{9D3AF88D-8C09-4966-A03B-7BD7CF9BCFFF}.Debug|Any CPU.ActiveCfg = Debug|Any CPU
		{9D3AF88D-8C09-4966-A03B-7BD7CF9BCFFF}.Debug|Any CPU.Build.0 = Debug|Any CPU
		{9D3AF88D-8C09-4966-A03B-7BD7CF9BCFFF}.Release|Any CPU.ActiveCfg = Release|Any CPU
		{9D3AF88D-8C09-4966-A03B-7BD7CF9BCFFF}.Release|Any CPU.Build.0 = Release|Any CPU
	EndGlobalSection
	GlobalSection(SolutionProperties) = preSolution
		HideSolutionNode = FALSE
	EndGlobalSection
	GlobalSection(ExtensibilityGlobals) = postSolution
		SolutionGuid = {F26C3ABB-19CE-4117-8E06-80EE3E62A1EB}
	EndGlobalSection
EndGlobal
